# This file was autogenerated by Stack.
# You should not edit this file by hand.
# For more information, please see the documentation at:
#   https://docs.haskellstack.org/en/stable/lock_files

packages: []
snapshots:
- completed:
    size: 555280
    url: https://raw.githubusercontent.com/commercialhaskell/stackage-snapshots/master/nightly/2020/12/4.yaml
    sha256: 3c2d0d136b9b027091f50c28b0e6fa4e0ce780ac7b3a5982c3661f77eff5dd8e
  original: nightly-2020-12-04
